
Microsoft Visual Studio Solution File, Format Version 12.00
# Visual Studio Version 16
VisualStudioVersion = 16.0.30114.105
MinimumVisualStudioVersion = 10.0.40219.1
Project("{FAE04EC0-301F-11D3-BF4B-00C04F79EFBC}") = "api", "api\api.csproj", "{A76A84E6-E1FA-4E1D-97D1-43C28AAC2B9A}"
EndProject
Project("{FAE04EC0-301F-11D3-BF4B-00C04F79EFBC}") = "test.api", "test.api\test.api.csproj", "{9DC9E67A-1B1F-4CC0-A036-8A91AF8FF20E}"
EndProject
Global
	GlobalSection(SolutionConfigurationPlatforms) = preSolution
		Debug|Any CPU = Debug|Any CPU
		Release|Any CPU = Release|Any CPU
	EndGlobalSection
	GlobalSection(SolutionProperties) = preSolution
		HideSolutionNode = FALSE
	EndGlobalSection
	GlobalSection(ProjectConfigurationPlatforms) = postSolution
		{A76A84E6-E1FA-4E1D-97D1-43C28AAC2B9A}.Debug|Any CPU.ActiveCfg = Debug|Any CPU
		{A76A84E6-E1FA-4E1D-97D1-43C28AAC2B9A}.Debug|Any CPU.Build.0 = Debug|Any CPU
		{A76A84E6-E1FA-4E1D-97D1-43C28AAC2B9A}.Release|Any CPU.ActiveCfg = Release|Any CPU
		{A76A84E6-E1FA-4E1D-97D1-43C28AAC2B9A}.Release|Any CPU.Build.0 = Release|Any CPU
		{9DC9E67A-1B1F-4CC0-A036-8A91AF8FF20E}.Debug|Any CPU.ActiveCfg = Debug|Any CPU
		{9DC9E67A-1B1F-4CC0-A036-8A91AF8FF20E}.Debug|Any CPU.Build.0 = Debug|Any CPU
		{9DC9E67A-1B1F-4CC0-A036-8A91AF8FF20E}.Release|Any CPU.ActiveCfg = Release|Any CPU
		{9DC9E67A-1B1F-4CC0-A036-8A91AF8FF20E}.Release|Any CPU.Build.0 = Release|Any CPU
	EndGlobalSection
EndGlobal
